
Microsoft Visual Studio Solution File, Format Version 12.00
# Visual Studio Version 17
VisualStudioVersion = 17.3.32825.248
MinimumVisualStudioVersion = 10.0.40219.1
Project("{FAE04EC0-301F-11D3-BF4B-00C04F79EFBC}") = "SWD392_Project", "SWD392_Project.csproj", "{EB0F22AC-0837-4C5C-9D88-D73A82B0F993}"
EndProject
Global
	GlobalSection(SolutionConfigurationPlatforms) = preSolution
		Debug|Any CPU = Debug|Any CPU
		Release|Any CPU = Release|Any CPU
	EndGlobalSection
	GlobalSection(ProjectConfigurationPlatforms) = postSolution
		{EB0F22AC-0837-4C5C-9D88-D73A82B0F993}.Debug|Any CPU.ActiveCfg = Debug|Any CPU
		{EB0F22AC-0837-4C5C-9D88-D73A82B0F993}.Debug|Any CPU.Build.0 = Debug|Any CPU
		{EB0F22AC-0837-4C5C-9D88-D73A82B0F993}.Release|Any CPU.ActiveCfg = Release|Any CPU
		{EB0F22AC-0837-4C5C-9D88-D73A82B0F993}.Release|Any CPU.Build.0 = Release|Any CPU
	EndGlobalSection
	GlobalSection(SolutionProperties) = preSolution
		HideSolutionNode = FALSE
	EndGlobalSection
	GlobalSection(ExtensibilityGlobals) = postSolution
		SolutionGuid = {FA07E535-32E5-45E1-9CBC-9916B8883672}
	EndGlobalSection
EndGlobal
